// !$*UTF8*$!
{
	archiveVersion = 1;
	classes = {
	};
	objectVersion = 55;
	objects = {

/* Begin PBXBuildFile section */
		010FA0B829508A7A00FA3A2F /* ListRootView.swift in Sources */ = {isa = PBXBuildFile; fileRef = 010FA0B729508A7A00FA3A2F /* ListRootView.swift */; };
		010FA0BA29508AA700FA3A2F /* ListViewController.swift in Sources */ = {isa = PBXBuildFile; fileRef = 010FA0B929508AA700FA3A2F /* ListViewController.swift */; };
		0114B2A0294D021600693CDA /* AppDelegate.swift in Sources */ = {isa = PBXBuildFile; fileRef = 0114B29F294D021600693CDA /* AppDelegate.swift */; };
		0114B2A2294D021600693CDA /* SceneDelegate.swift in Sources */ = {isa = PBXBuildFile; fileRef = 0114B2A1294D021600693CDA /* SceneDelegate.swift */; };
		0114B2A9294D021700693CDA /* Assets.xcassets in Resources */ = {isa = PBXBuildFile; fileRef = 0114B2A8294D021700693CDA /* Assets.xcassets */; };
		0114B2AC294D021700693CDA /* LaunchScreen.storyboard in Resources */ = {isa = PBXBuildFile; fileRef = 0114B2AA294D021700693CDA /* LaunchScreen.storyboard */; };
		0114B2B7294D02F800693CDA /* BaseView.swift in Sources */ = {isa = PBXBuildFile; fileRef = 0114B2B6294D02F800693CDA /* BaseView.swift */; };
		0114B2B9294D034900693CDA /* BaseViewController.swift in Sources */ = {isa = PBXBuildFile; fileRef = 0114B2B8294D034900693CDA /* BaseViewController.swift */; };
		0114B2BC294D048C00693CDA /* UIColor+ HexString.swift in Sources */ = {isa = PBXBuildFile; fileRef = 0114B2BB294D048C00693CDA /* UIColor+ HexString.swift */; };
		0114B2BF294D054C00693CDA /* Resources.swift in Sources */ = {isa = PBXBuildFile; fileRef = 0114B2BE294D054C00693CDA /* Resources.swift */; };
		0114B2C4294D070B00693CDA /* AuthBaseView.swift in Sources */ = {isa = PBXBuildFile; fileRef = 0114B2C3294D070B00693CDA /* AuthBaseView.swift */; };
		0114B2C6294D07BE00693CDA /* LoginViewController.swift in Sources */ = {isa = PBXBuildFile; fileRef = 0114B2C5294D07BE00693CDA /* LoginViewController.swift */; };
		0114B2C8294D0AD600693CDA /* UITextField+ Padding.swift in Sources */ = {isa = PBXBuildFile; fileRef = 0114B2C7294D0AD600693CDA /* UITextField+ Padding.swift */; };
		0114B2CB294D0CD300693CDA /* AuthTextField.swift in Sources */ = {isa = PBXBuildFile; fileRef = 0114B2CA294D0CD300693CDA /* AuthTextField.swift */; };
		0114B2CD294D0F4600693CDA /* AuthButton.swift in Sources */ = {isa = PBXBuildFile; fileRef = 0114B2CC294D0F4600693CDA /* AuthButton.swift */; };
		0114B2CF294D17C800693CDA /* GoogleAuthButton.swift in Sources */ = {isa = PBXBuildFile; fileRef = 0114B2CE294D17C800693CDA /* GoogleAuthButton.swift */; };
		0114B2D1294D199100693CDA /* OrView.swift in Sources */ = {isa = PBXBuildFile; fileRef = 0114B2D0294D199100693CDA /* OrView.swift */; };
		0114B2D3294D1C4700693CDA /* LoginRootView.swift in Sources */ = {isa = PBXBuildFile; fileRef = 0114B2D2294D1C4700693CDA /* LoginRootView.swift */; };
		0114B2D7294D1DAE00693CDA /* SignUpViewController.swift in Sources */ = {isa = PBXBuildFile; fileRef = 0114B2D6294D1DAE00693CDA /* SignUpViewController.swift */; };
		0114B2D9294D1DC100693CDA /* SignUpRootView.swift in Sources */ = {isa = PBXBuildFile; fileRef = 0114B2D8294D1DC100693CDA /* SignUpRootView.swift */; };
		01342087294DD24F00C91D24 /* StartRootView.swift in Sources */ = {isa = PBXBuildFile; fileRef = 01342086294DD24F00C91D24 /* StartRootView.swift */; };
		01342089294DD28500C91D24 /* StartViewController.swift in Sources */ = {isa = PBXBuildFile; fileRef = 01342088294DD28500C91D24 /* StartViewController.swift */; };
		0134208C294DDA3900C91D24 /* TabBarController.swift in Sources */ = {isa = PBXBuildFile; fileRef = 0134208B294DDA3900C91D24 /* TabBarController.swift */; };
		0134208E294DDDBD00C91D24 /* BaseNavigationController.swift in Sources */ = {isa = PBXBuildFile; fileRef = 0134208D294DDDBD00C91D24 /* BaseNavigationController.swift */; };
		01342092294DDDEC00C91D24 /* HomeRootView.swift in Sources */ = {isa = PBXBuildFile; fileRef = 01342091294DDDEC00C91D24 /* HomeRootView.swift */; };
		01342094294DDE1000C91D24 /* HomeViewController.swift in Sources */ = {isa = PBXBuildFile; fileRef = 01342093294DDE1000C91D24 /* HomeViewController.swift */; };
		0139F6D62950A7AA009D35C7 /* SearchRootView.swift in Sources */ = {isa = PBXBuildFile; fileRef = 0139F6D52950A7AA009D35C7 /* SearchRootView.swift */; };
		0139F6D92950A7EE009D35C7 /* SearchViewController.swift in Sources */ = {isa = PBXBuildFile; fileRef = 0139F6D82950A7EE009D35C7 /* SearchViewController.swift */; };
		0139F6DB2950AE1B009D35C7 /* MovieSearchBar.swift in Sources */ = {isa = PBXBuildFile; fileRef = 0139F6DA2950AE1B009D35C7 /* MovieSearchBar.swift */; };
		0139F6DE2950B201009D35C7 /* SearchCollectionViewSection.swift in Sources */ = {isa = PBXBuildFile; fileRef = 0139F6DD2950B201009D35C7 /* SearchCollectionViewSection.swift */; };
		0139F6E12950B216009D35C7 /* SearchCollectionViewCell.swift in Sources */ = {isa = PBXBuildFile; fileRef = 0139F6E02950B216009D35C7 /* SearchCollectionViewCell.swift */; };
		0139F6E42950B231009D35C7 /* SearchMovieCompositionalLayout.swift in Sources */ = {isa = PBXBuildFile; fileRef = 0139F6E32950B231009D35C7 /* SearchMovieCompositionalLayout.swift */; };
		014D674C2950981C004FA7A0 /* ListCollectionViewSection.swift in Sources */ = {isa = PBXBuildFile; fileRef = 014D674B2950981C004FA7A0 /* ListCollectionViewSection.swift */; };
		014D674F29509842004FA7A0 /* SavedCollectionViewCell.swift in Sources */ = {isa = PBXBuildFile; fileRef = 014D674E29509842004FA7A0 /* SavedCollectionViewCell.swift */; };
		014D675129509869004FA7A0 /* SavedMovieCompositionalLayout.swift in Sources */ = {isa = PBXBuildFile; fileRef = 014D675029509869004FA7A0 /* SavedMovieCompositionalLayout.swift */; };
		0166504E294E657200078840 /* BaseCollectionViewMovieCell.swift in Sources */ = {isa = PBXBuildFile; fileRef = 0166504D294E657200078840 /* BaseCollectionViewMovieCell.swift */; };
		01665051294E659D00078840 /* UpcomingMovieCollectionViewCell.swift in Sources */ = {isa = PBXBuildFile; fileRef = 01665050294E659D00078840 /* UpcomingMovieCollectionViewCell.swift */; };
		01665053294E65B400078840 /* TrendingMovieCollectionViewCell.swift in Sources */ = {isa = PBXBuildFile; fileRef = 01665052294E65B400078840 /* TrendingMovieCollectionViewCell.swift */; };
		01665055294E6D8C00078840 /* SectionHeader.swift in Sources */ = {isa = PBXBuildFile; fileRef = 01665054294E6D8C00078840 /* SectionHeader.swift */; };
		01665057294E6DB900078840 /* HomeCollectionViewHeaderCell.swift in Sources */ = {isa = PBXBuildFile; fileRef = 01665056294E6DB900078840 /* HomeCollectionViewHeaderCell.swift */; };
		01937A4A294E07860041B6BA /* UIBarButtonItem+.swift in Sources */ = {isa = PBXBuildFile; fileRef = 01937A49294E07860041B6BA /* UIBarButtonItem+.swift */; };
		01937A4C294E0E1D0041B6BA /* BaseCollectionView.swift in Sources */ = {isa = PBXBuildFile; fileRef = 01937A4B294E0E1D0041B6BA /* BaseCollectionView.swift */; };
		01937A4F294E10400041B6BA /* MovieModel.swift in Sources */ = {isa = PBXBuildFile; fileRef = 01937A4E294E10400041B6BA /* MovieModel.swift */; };
		01937A52294E169C0041B6BA /* HomeCollectionViewSection.swift in Sources */ = {isa = PBXBuildFile; fileRef = 01937A51294E169C0041B6BA /* HomeCollectionViewSection.swift */; };
		01937A54294E16B40041B6BA /* CompositionalLayoutFactory.swift in Sources */ = {isa = PBXBuildFile; fileRef = 01937A53294E16B40041B6BA /* CompositionalLayoutFactory.swift */; };
		01937A57294E16DF0041B6BA /* UpcomingMovieCompositionalLayout.swift in Sources */ = {isa = PBXBuildFile; fileRef = 01937A56294E16DF0041B6BA /* UpcomingMovieCompositionalLayout.swift */; };
		01937A59294E16EF0041B6BA /* TrendingMovieCompositionalLayout.swift in Sources */ = {isa = PBXBuildFile; fileRef = 01937A58294E16EF0041B6BA /* TrendingMovieCompositionalLayout.swift */; };
		01AF3EE4294F236400AFAEF3 /* DetailsRootView.swift in Sources */ = {isa = PBXBuildFile; fileRef = 01AF3EE3294F236400AFAEF3 /* DetailsRootView.swift */; };
		01AF3EE6294F239200AFAEF3 /* DetailsViewController.swift in Sources */ = {isa = PBXBuildFile; fileRef = 01AF3EE5294F239200AFAEF3 /* DetailsViewController.swift */; };
		01AF3EE8294F361F00AFAEF3 /* DetailsBaseLabel.swift in Sources */ = {isa = PBXBuildFile; fileRef = 01AF3EE7294F361F00AFAEF3 /* DetailsBaseLabel.swift */; };
		01AF3EEA294F363C00AFAEF3 /* DetailsHelpersButton.swift in Sources */ = {isa = PBXBuildFile; fileRef = 01AF3EE9294F363C00AFAEF3 /* DetailsHelpersButton.swift */; };
/* End PBXBuildFile section */

/* Begin PBXFileReference section */
		010FA0B729508A7A00FA3A2F /* ListRootView.swift */ = {isa = PBXFileReference; lastKnownFileType = sourcecode.swift; path = ListRootView.swift; sourceTree = "<group>"; };
		010FA0B929508AA700FA3A2F /* ListViewController.swift */ = {isa = PBXFileReference; lastKnownFileType = sourcecode.swift; path = ListViewController.swift; sourceTree = "<group>"; };
		0114B29C294D021600693CDA /* MovieApp_MiniPet.app */ = {isa = PBXFileReference; explicitFileType = wrapper.application; includeInIndex = 0; path = MovieApp_MiniPet.app; sourceTree = BUILT_PRODUCTS_DIR; };
		0114B29F294D021600693CDA /* AppDelegate.swift */ = {isa = PBXFileReference; lastKnownFileType = sourcecode.swift; path = AppDelegate.swift; sourceTree = "<group>"; };
		0114B2A1294D021600693CDA /* SceneDelegate.swift */ = {isa = PBXFileReference; lastKnownFileType = sourcecode.swift; path = SceneDelegate.swift; sourceTree = "<group>"; };
		0114B2A8294D021700693CDA /* Assets.xcassets */ = {isa = PBXFileReference; lastKnownFileType = folder.assetcatalog; path = Assets.xcassets; sourceTree = "<group>"; };
		0114B2AB294D021700693CDA /* Base */ = {isa = PBXFileReference; lastKnownFileType = file.storyboard; name = Base; path = Base.lproj/LaunchScreen.storyboard; sourceTree = "<group>"; };
		0114B2AD294D021700693CDA /* Info.plist */ = {isa = PBXFileReference; lastKnownFileType = text.plist.xml; path = Info.plist; sourceTree = "<group>"; };
		0114B2B6294D02F800693CDA /* BaseView.swift */ = {isa = PBXFileReference; lastKnownFileType = sourcecode.swift; path = BaseView.swift; sourceTree = "<group>"; };
		0114B2B8294D034900693CDA /* BaseViewController.swift */ = {isa = PBXFileReference; lastKnownFileType = sourcecode.swift; path = BaseViewController.swift; sourceTree = "<group>"; };
		0114B2BB294D048C00693CDA /* UIColor+ HexString.swift */ = {isa = PBXFileReference; lastKnownFileType = sourcecode.swift; path = "UIColor+ HexString.swift"; sourceTree = "<group>"; };
		0114B2BE294D054C00693CDA /* Resources.swift */ = {isa = PBXFileReference; lastKnownFileType = sourcecode.swift; path = Resources.swift; sourceTree = "<group>"; };
		0114B2C3294D070B00693CDA /* AuthBaseView.swift */ = {isa = PBXFileReference; lastKnownFileType = sourcecode.swift; path = AuthBaseView.swift; sourceTree = "<group>"; };
		0114B2C5294D07BE00693CDA /* LoginViewController.swift */ = {isa = PBXFileReference; lastKnownFileType = sourcecode.swift; path = LoginViewController.swift; sourceTree = "<group>"; };
		0114B2C7294D0AD600693CDA /* UITextField+ Padding.swift */ = {isa = PBXFileReference; lastKnownFileType = sourcecode.swift; path = "UITextField+ Padding.swift"; sourceTree = "<group>"; };
		0114B2CA294D0CD300693CDA /* AuthTextField.swift */ = {isa = PBXFileReference; lastKnownFileType = sourcecode.swift; path = AuthTextField.swift; sourceTree = "<group>"; };
		0114B2CC294D0F4600693CDA /* AuthButton.swift */ = {isa = PBXFileReference; lastKnownFileType = sourcecode.swift; path = AuthButton.swift; sourceTree = "<group>"; };
		0114B2CE294D17C800693CDA /* GoogleAuthButton.swift */ = {isa = PBXFileReference; lastKnownFileType = sourcecode.swift; path = GoogleAuthButton.swift; sourceTree = "<group>"; };
		0114B2D0294D199100693CDA /* OrView.swift */ = {isa = PBXFileReference; lastKnownFileType = sourcecode.swift; path = OrView.swift; sourceTree = "<group>"; };
		0114B2D2294D1C4700693CDA /* LoginRootView.swift */ = {isa = PBXFileReference; lastKnownFileType = sourcecode.swift; path = LoginRootView.swift; sourceTree = "<group>"; };
		0114B2D6294D1DAE00693CDA /* SignUpViewController.swift */ = {isa = PBXFileReference; lastKnownFileType = sourcecode.swift; path = SignUpViewController.swift; sourceTree = "<group>"; };
		0114B2D8294D1DC100693CDA /* SignUpRootView.swift */ = {isa = PBXFileReference; lastKnownFileType = sourcecode.swift; path = SignUpRootView.swift; sourceTree = "<group>"; };
		01342086294DD24F00C91D24 /* StartRootView.swift */ = {isa = PBXFileReference; lastKnownFileType = sourcecode.swift; path = StartRootView.swift; sourceTree = "<group>"; };
		01342088294DD28500C91D24 /* StartViewController.swift */ = {isa = PBXFileReference; lastKnownFileType = sourcecode.swift; path = StartViewController.swift; sourceTree = "<group>"; };
		0134208B294DDA3900C91D24 /* TabBarController.swift */ = {isa = PBXFileReference; lastKnownFileType = sourcecode.swift; path = TabBarController.swift; sourceTree = "<group>"; };
		0134208D294DDDBD00C91D24 /* BaseNavigationController.swift */ = {isa = PBXFileReference; lastKnownFileType = sourcecode.swift; path = BaseNavigationController.swift; sourceTree = "<group>"; };
		01342091294DDDEC00C91D24 /* HomeRootView.swift */ = {isa = PBXFileReference; lastKnownFileType = sourcecode.swift; path = HomeRootView.swift; sourceTree = "<group>"; };
		01342093294DDE1000C91D24 /* HomeViewController.swift */ = {isa = PBXFileReference; lastKnownFileType = sourcecode.swift; path = HomeViewController.swift; sourceTree = "<group>"; };
		0139F6D52950A7AA009D35C7 /* SearchRootView.swift */ = {isa = PBXFileReference; lastKnownFileType = sourcecode.swift; path = SearchRootView.swift; sourceTree = "<group>"; };
		0139F6D82950A7EE009D35C7 /* SearchViewController.swift */ = {isa = PBXFileReference; lastKnownFileType = sourcecode.swift; path = SearchViewController.swift; sourceTree = "<group>"; };
		0139F6DA2950AE1B009D35C7 /* MovieSearchBar.swift */ = {isa = PBXFileReference; lastKnownFileType = sourcecode.swift; path = MovieSearchBar.swift; sourceTree = "<group>"; };
		0139F6DD2950B201009D35C7 /* SearchCollectionViewSection.swift */ = {isa = PBXFileReference; lastKnownFileType = sourcecode.swift; path = SearchCollectionViewSection.swift; sourceTree = "<group>"; };
		0139F6E02950B216009D35C7 /* SearchCollectionViewCell.swift */ = {isa = PBXFileReference; lastKnownFileType = sourcecode.swift; path = SearchCollectionViewCell.swift; sourceTree = "<group>"; };
		0139F6E32950B231009D35C7 /* SearchMovieCompositionalLayout.swift */ = {isa = PBXFileReference; lastKnownFileType = sourcecode.swift; path = SearchMovieCompositionalLayout.swift; sourceTree = "<group>"; };
		014D674B2950981C004FA7A0 /* ListCollectionViewSection.swift */ = {isa = PBXFileReference; lastKnownFileType = sourcecode.swift; path = ListCollectionViewSection.swift; sourceTree = "<group>"; };
		014D674E29509842004FA7A0 /* SavedCollectionViewCell.swift */ = {isa = PBXFileReference; lastKnownFileType = sourcecode.swift; path = SavedCollectionViewCell.swift; sourceTree = "<group>"; };
		014D675029509869004FA7A0 /* SavedMovieCompositionalLayout.swift */ = {isa = PBXFileReference; lastKnownFileType = sourcecode.swift; path = SavedMovieCompositionalLayout.swift; sourceTree = "<group>"; };
		0166504D294E657200078840 /* BaseCollectionViewMovieCell.swift */ = {isa = PBXFileReference; lastKnownFileType = sourcecode.swift; path = BaseCollectionViewMovieCell.swift; sourceTree = "<group>"; };
		01665050294E659D00078840 /* UpcomingMovieCollectionViewCell.swift */ = {isa = PBXFileReference; lastKnownFileType = sourcecode.swift; path = UpcomingMovieCollectionViewCell.swift; sourceTree = "<group>"; };
		01665052294E65B400078840 /* TrendingMovieCollectionViewCell.swift */ = {isa = PBXFileReference; lastKnownFileType = sourcecode.swift; path = TrendingMovieCollectionViewCell.swift; sourceTree = "<group>"; };
		01665054294E6D8C00078840 /* SectionHeader.swift */ = {isa = PBXFileReference; lastKnownFileType = sourcecode.swift; path = SectionHeader.swift; sourceTree = "<group>"; };
		01665056294E6DB900078840 /* HomeCollectionViewHeaderCell.swift */ = {isa = PBXFileReference; lastKnownFileType = sourcecode.swift; path = HomeCollectionViewHeaderCell.swift; sourceTree = "<group>"; };
		01937A49294E07860041B6BA /* UIBarButtonItem+.swift */ = {isa = PBXFileReference; lastKnownFileType = sourcecode.swift; path = "UIBarButtonItem+.swift"; sourceTree = "<group>"; };
		01937A4B294E0E1D0041B6BA /* BaseCollectionView.swift */ = {isa = PBXFileReference; lastKnownFileType = sourcecode.swift; path = BaseCollectionView.swift; sourceTree = "<group>"; };
		01937A4E294E10400041B6BA /* MovieModel.swift */ = {isa = PBXFileReference; lastKnownFileType = sourcecode.swift; path = MovieModel.swift; sourceTree = "<group>"; };
		01937A51294E169C0041B6BA /* HomeCollectionViewSection.swift */ = {isa = PBXFileReference; lastKnownFileType = sourcecode.swift; path = HomeCollectionViewSection.swift; sourceTree = "<group>"; };
		01937A53294E16B40041B6BA /* CompositionalLayoutFactory.swift */ = {isa = PBXFileReference; lastKnownFileType = sourcecode.swift; path = CompositionalLayoutFactory.swift; sourceTree = "<group>"; };
		01937A56294E16DF0041B6BA /* UpcomingMovieCompositionalLayout.swift */ = {isa = PBXFileReference; lastKnownFileType = sourcecode.swift; path = UpcomingMovieCompositionalLayout.swift; sourceTree = "<group>"; };
		01937A58294E16EF0041B6BA /* TrendingMovieCompositionalLayout.swift */ = {isa = PBXFileReference; lastKnownFileType = sourcecode.swift; path = TrendingMovieCompositionalLayout.swift; sourceTree = "<group>"; };
		01AF3EE3294F236400AFAEF3 /* DetailsRootView.swift */ = {isa = PBXFileReference; lastKnownFileType = sourcecode.swift; path = DetailsRootView.swift; sourceTree = "<group>"; };
		01AF3EE5294F239200AFAEF3 /* DetailsViewController.swift */ = {isa = PBXFileReference; lastKnownFileType = sourcecode.swift; path = DetailsViewController.swift; sourceTree = "<group>"; };
		01AF3EE7294F361F00AFAEF3 /* DetailsBaseLabel.swift */ = {isa = PBXFileReference; lastKnownFileType = sourcecode.swift; path = DetailsBaseLabel.swift; sourceTree = "<group>"; };
		01AF3EE9294F363C00AFAEF3 /* DetailsHelpersButton.swift */ = {isa = PBXFileReference; lastKnownFileType = sourcecode.swift; path = DetailsHelpersButton.swift; sourceTree = "<group>"; };
/* End PBXFileReference section */

/* Begin PBXFrameworksBuildPhase section */
		0114B299294D021600693CDA /* Frameworks */ = {
			isa = PBXFrameworksBuildPhase;
			buildActionMask = 2147483647;
			files = (
			);
			runOnlyForDeploymentPostprocessing = 0;
		};
/* End PBXFrameworksBuildPhase section */

/* Begin PBXGroup section */
		010FA0B529508A6A00FA3A2F /* List */ = {
			isa = PBXGroup;
			children = (
				010FA0B629508A6F00FA3A2F /* Views */,
			);
			path = List;
			sourceTree = "<group>";
		};
		010FA0B629508A6F00FA3A2F /* Views */ = {
			isa = PBXGroup;
			children = (
				010FA0B729508A7A00FA3A2F /* ListRootView.swift */,
				010FA0B929508AA700FA3A2F /* ListViewController.swift */,
				014D674A2950980E004FA7A0 /* CollectionView */,
			);
			path = Views;
			sourceTree = "<group>";
		};
		0114B293294D021600693CDA = {
			isa = PBXGroup;
			children = (
				0114B29E294D021600693CDA /* MovieApp_MiniPet */,
				0114B29D294D021600693CDA /* Products */,
			);
			sourceTree = "<group>";
		};
		0114B29D294D021600693CDA /* Products */ = {
			isa = PBXGroup;
			children = (
				0114B29C294D021600693CDA /* MovieApp_MiniPet.app */,
			);
			name = Products;
			sourceTree = "<group>";
		};
		0114B29E294D021600693CDA /* MovieApp_MiniPet */ = {
			isa = PBXGroup;
			children = (
				0139F6D32950A77E009D35C7 /* Search */,
				010FA0B529508A6A00FA3A2F /* List */,
				01AF3EE1294F234E00AFAEF3 /* Details */,
				01937A4D294E103A0041B6BA /* Model */,
				0134208F294DDDDB00C91D24 /* Home */,
				0114B2C0294D06F400693CDA /* Auth */,
				0134208A294DDA2E00C91D24 /* TabBar */,
				0114B2B5294D02F100693CDA /* Base */,
				0114B2BD294D054500693CDA /* Resources */,
				0114B2BA294D047400693CDA /* Extensions */,
				0114B2B4294D028500693CDA /* Application */,
				0114B2B3294D023D00693CDA /* SupportingFiles */,
			);
			path = MovieApp_MiniPet;
			sourceTree = "<group>";
		};
		0114B2B3294D023D00693CDA /* SupportingFiles */ = {
			isa = PBXGroup;
			children = (
				0114B2A8294D021700693CDA /* Assets.xcassets */,
				0114B2AA294D021700693CDA /* LaunchScreen.storyboard */,
				0114B2AD294D021700693CDA /* Info.plist */,
			);
			path = SupportingFiles;
			sourceTree = "<group>";
		};
		0114B2B4294D028500693CDA /* Application */ = {
			isa = PBXGroup;
			children = (
				0114B29F294D021600693CDA /* AppDelegate.swift */,
				0114B2A1294D021600693CDA /* SceneDelegate.swift */,
			);
			path = Application;
			sourceTree = "<group>";
		};
		0114B2B5294D02F100693CDA /* Base */ = {
			isa = PBXGroup;
			children = (
				0114B2B6294D02F800693CDA /* BaseView.swift */,
				0114B2B8294D034900693CDA /* BaseViewController.swift */,
				0134208D294DDDBD00C91D24 /* BaseNavigationController.swift */,
				01937A4B294E0E1D0041B6BA /* BaseCollectionView.swift */,
				0166504D294E657200078840 /* BaseCollectionViewMovieCell.swift */,
			);
			path = Base;
			sourceTree = "<group>";
		};
		0114B2BA294D047400693CDA /* Extensions */ = {
			isa = PBXGroup;
			children = (
				0114B2BB294D048C00693CDA /* UIColor+ HexString.swift */,
				0114B2C7294D0AD600693CDA /* UITextField+ Padding.swift */,
				01937A49294E07860041B6BA /* UIBarButtonItem+.swift */,
			);
			path = Extensions;
			sourceTree = "<group>";
		};
		0114B2BD294D054500693CDA /* Resources */ = {
			isa = PBXGroup;
			children = (
				0114B2BE294D054C00693CDA /* Resources.swift */,
			);
			path = Resources;
			sourceTree = "<group>";
		};
		0114B2C0294D06F400693CDA /* Auth */ = {
			isa = PBXGroup;
			children = (
				01342084294DD21C00C91D24 /* StartScreen */,
				0114B2C1294D06FA00693CDA /* Login */,
				0114B2D4294D1DA000693CDA /* SignUp */,
				0114B2C9294D0CA600693CDA /* BaseViews */,
			);
			path = Auth;
			sourceTree = "<group>";
		};
		0114B2C1294D06FA00693CDA /* Login */ = {
			isa = PBXGroup;
			children = (
				0114B2C2294D070000693CDA /* Views */,
			);
			path = Login;
			sourceTree = "<group>";
		};
		0114B2C2294D070000693CDA /* Views */ = {
			isa = PBXGroup;
			children = (
				0114B2C5294D07BE00693CDA /* LoginViewController.swift */,
				0114B2D2294D1C4700693CDA /* LoginRootView.swift */,
			);
			path = Views;
			sourceTree = "<group>";
		};
		0114B2C9294D0CA600693CDA /* BaseViews */ = {
			isa = PBXGroup;
			children = (
				0114B2C3294D070B00693CDA /* AuthBaseView.swift */,
				0114B2CA294D0CD300693CDA /* AuthTextField.swift */,
				0114B2CC294D0F4600693CDA /* AuthButton.swift */,
				0114B2CE294D17C800693CDA /* GoogleAuthButton.swift */,
				0114B2D0294D199100693CDA /* OrView.swift */,
			);
			path = BaseViews;
			sourceTree = "<group>";
		};
		0114B2D4294D1DA000693CDA /* SignUp */ = {
			isa = PBXGroup;
			children = (
				0114B2D5294D1DA800693CDA /* Views */,
			);
			path = SignUp;
			sourceTree = "<group>";
		};
		0114B2D5294D1DA800693CDA /* Views */ = {
			isa = PBXGroup;
			children = (
				0114B2D6294D1DAE00693CDA /* SignUpViewController.swift */,
				0114B2D8294D1DC100693CDA /* SignUpRootView.swift */,
			);
			path = Views;
			sourceTree = "<group>";
		};
		01342084294DD21C00C91D24 /* StartScreen */ = {
			isa = PBXGroup;
			children = (
				01342085294DD22300C91D24 /* Views */,
			);
			path = StartScreen;
			sourceTree = "<group>";
		};
		01342085294DD22300C91D24 /* Views */ = {
			isa = PBXGroup;
			children = (
				01342086294DD24F00C91D24 /* StartRootView.swift */,
				01342088294DD28500C91D24 /* StartViewController.swift */,
			);
			path = Views;
			sourceTree = "<group>";
		};
		0134208A294DDA2E00C91D24 /* TabBar */ = {
			isa = PBXGroup;
			children = (
				0134208B294DDA3900C91D24 /* TabBarController.swift */,
			);
			path = TabBar;
			sourceTree = "<group>";
		};
		0134208F294DDDDB00C91D24 /* Home */ = {
			isa = PBXGroup;
			children = (
				01342090294DDDE000C91D24 /* Views */,
			);
			path = Home;
			sourceTree = "<group>";
		};
		01342090294DDDE000C91D24 /* Views */ = {
			isa = PBXGroup;
			children = (
				01342091294DDDEC00C91D24 /* HomeRootView.swift */,
				01342093294DDE1000C91D24 /* HomeViewController.swift */,
				01937A50294E16920041B6BA /* CollectionView */,
			);
			path = Views;
			sourceTree = "<group>";
		};
		0139F6D32950A77E009D35C7 /* Search */ = {
			isa = PBXGroup;
			children = (
				0139F6D42950A78A009D35C7 /* Views */,
			);
			path = Search;
			sourceTree = "<group>";
		};
		0139F6D42950A78A009D35C7 /* Views */ = {
			isa = PBXGroup;
			children = (
				0139F6D52950A7AA009D35C7 /* SearchRootView.swift */,
				0139F6D82950A7EE009D35C7 /* SearchViewController.swift */,
				0139F6DA2950AE1B009D35C7 /* MovieSearchBar.swift */,
				0139F6DC2950B1F5009D35C7 /* CollectionView */,
			);
			path = Views;
			sourceTree = "<group>";
		};
		0139F6DC2950B1F5009D35C7 /* CollectionView */ = {
			isa = PBXGroup;
			children = (
				0139F6DD2950B201009D35C7 /* SearchCollectionViewSection.swift */,
				0139F6DF2950B20E009D35C7 /* Cell */,
				0139F6E22950B22C009D35C7 /* CompositionalLayout */,
			);
			path = CollectionView;
			sourceTree = "<group>";
		};
		0139F6DF2950B20E009D35C7 /* Cell */ = {
			isa = PBXGroup;
			children = (
				0139F6E02950B216009D35C7 /* SearchCollectionViewCell.swift */,
			);
			path = Cell;
			sourceTree = "<group>";
		};
		0139F6E22950B22C009D35C7 /* CompositionalLayout */ = {
			isa = PBXGroup;
			children = (
				0139F6E32950B231009D35C7 /* SearchMovieCompositionalLayout.swift */,
			);
			path = CompositionalLayout;
			sourceTree = "<group>";
		};
		014D674A2950980E004FA7A0 /* CollectionView */ = {
			isa = PBXGroup;
			children = (
				014D674B2950981C004FA7A0 /* ListCollectionViewSection.swift */,
				014D674D29509833004FA7A0 /* Cell */,
				014D6752295098A3004FA7A0 /* CompositionalLayout */,
			);
			path = CollectionView;
			sourceTree = "<group>";
		};
		014D674D29509833004FA7A0 /* Cell */ = {
			isa = PBXGroup;
			children = (
				014D674E29509842004FA7A0 /* SavedCollectionViewCell.swift */,
			);
			name = Cell;
			sourceTree = "<group>";
		};
		014D6752295098A3004FA7A0 /* CompositionalLayout */ = {
			isa = PBXGroup;
			children = (
				014D675029509869004FA7A0 /* SavedMovieCompositionalLayout.swift */,
			);
			name = CompositionalLayout;
			sourceTree = "<group>";
		};
		0166504F294E658F00078840 /* Cells */ = {
			isa = PBXGroup;
			children = (
				01665050294E659D00078840 /* UpcomingMovieCollectionViewCell.swift */,
				01665052294E65B400078840 /* TrendingMovieCollectionViewCell.swift */,
				01665056294E6DB900078840 /* HomeCollectionViewHeaderCell.swift */,
			);
			path = Cells;
			sourceTree = "<group>";
		};
		01937A4D294E103A0041B6BA /* Model */ = {
			isa = PBXGroup;
			children = (
				01937A4E294E10400041B6BA /* MovieModel.swift */,
			);
			path = Model;
			sourceTree = "<group>";
		};
		01937A50294E16920041B6BA /* CollectionView */ = {
			isa = PBXGroup;
			children = (
				01937A51294E169C0041B6BA /* HomeCollectionViewSection.swift */,
				0166504F294E658F00078840 /* Cells */,
				01937A55294E16D80041B6BA /* CompositionalLayout */,
			);
			path = CollectionView;
			sourceTree = "<group>";
		};
		01937A55294E16D80041B6BA /* CompositionalLayout */ = {
			isa = PBXGroup;
			children = (
				01937A53294E16B40041B6BA /* CompositionalLayoutFactory.swift */,
				01937A56294E16DF0041B6BA /* UpcomingMovieCompositionalLayout.swift */,
				01937A58294E16EF0041B6BA /* TrendingMovieCompositionalLayout.swift */,
				01665054294E6D8C00078840 /* SectionHeader.swift */,
			);
			path = CompositionalLayout;
			sourceTree = "<group>";
		};
		01AF3EE1294F234E00AFAEF3 /* Details */ = {
			isa = PBXGroup;
			children = (
				01AF3EE2294F235600AFAEF3 /* Views */,
			);
			path = Details;
			sourceTree = "<group>";
		};
		01AF3EE2294F235600AFAEF3 /* Views */ = {
			isa = PBXGroup;
			children = (
				01AF3EE3294F236400AFAEF3 /* DetailsRootView.swift */,
				01AF3EE5294F239200AFAEF3 /* DetailsViewController.swift */,
				01AF3EE7294F361F00AFAEF3 /* DetailsBaseLabel.swift */,
				01AF3EE9294F363C00AFAEF3 /* DetailsHelpersButton.swift */,
			);
			path = Views;
			sourceTree = "<group>";
		};
/* End PBXGroup section */

/* Begin PBXNativeTarget section */
		0114B29B294D021600693CDA /* MovieApp_MiniPet */ = {
			isa = PBXNativeTarget;
			buildConfigurationList = 0114B2B0294D021700693CDA /* Build configuration list for PBXNativeTarget "MovieApp_MiniPet" */;
			buildPhases = (
				0114B298294D021600693CDA /* Sources */,
				0114B299294D021600693CDA /* Frameworks */,
				0114B29A294D021600693CDA /* Resources */,
			);
			buildRules = (
			);
			dependencies = (
			);
			name = MovieApp_MiniPet;
			productName = MovieApp_MiniPet;
			productReference = 0114B29C294D021600693CDA /* MovieApp_MiniPet.app */;
			productType = "com.apple.product-type.application";
		};
/* End PBXNativeTarget section */

/* Begin PBXProject section */
		0114B294294D021600693CDA /* Project object */ = {
			isa = PBXProject;
			attributes = {
				BuildIndependentTargetsInParallel = 1;
				LastSwiftUpdateCheck = 1340;
				LastUpgradeCheck = 1340;
				TargetAttributes = {
					0114B29B294D021600693CDA = {
						CreatedOnToolsVersion = 13.4.1;
					};
				};
			};
			buildConfigurationList = 0114B297294D021600693CDA /* Build configuration list for PBXProject "MovieApp_MiniPet" */;
			compatibilityVersion = "Xcode 13.0";
			developmentRegion = en;
			hasScannedForEncodings = 0;
			knownRegions = (
				en,
				Base,
			);
			mainGroup = 0114B293294D021600693CDA;
			productRefGroup = 0114B29D294D021600693CDA /* Products */;
			projectDirPath = "";
			projectRoot = "";
			targets = (
				0114B29B294D021600693CDA /* MovieApp_MiniPet */,
			);
		};
/* End PBXProject section */

/* Begin PBXResourcesBuildPhase section */
		0114B29A294D021600693CDA /* Resources */ = {
			isa = PBXResourcesBuildPhase;
			buildActionMask = 2147483647;
			files = (
				0114B2AC294D021700693CDA /* LaunchScreen.storyboard in Resources */,
				0114B2A9294D021700693CDA /* Assets.xcassets in Resources */,
			);
			runOnlyForDeploymentPostprocessing = 0;
		};
/* End PBXResourcesBuildPhase section */

/* Begin PBXSourcesBuildPhase section */
		0114B298294D021600693CDA /* Sources */ = {
			isa = PBXSourcesBuildPhase;
			buildActionMask = 2147483647;
			files = (
				0114B2D3294D1C4700693CDA /* LoginRootView.swift in Sources */,
				0114B2D1294D199100693CDA /* OrView.swift in Sources */,
				01665053294E65B400078840 /* TrendingMovieCollectionViewCell.swift in Sources */,
				01665051294E659D00078840 /* UpcomingMovieCollectionViewCell.swift in Sources */,
				01342092294DDDEC00C91D24 /* HomeRootView.swift in Sources */,
				0114B2CF294D17C800693CDA /* GoogleAuthButton.swift in Sources */,
				0114B2C6294D07BE00693CDA /* LoginViewController.swift in Sources */,
				01937A4C294E0E1D0041B6BA /* BaseCollectionView.swift in Sources */,
				014D675129509869004FA7A0 /* SavedMovieCompositionalLayout.swift in Sources */,
				01665055294E6D8C00078840 /* SectionHeader.swift in Sources */,
				0139F6DB2950AE1B009D35C7 /* MovieSearchBar.swift in Sources */,
				0139F6E42950B231009D35C7 /* SearchMovieCompositionalLayout.swift in Sources */,
				0114B2D9294D1DC100693CDA /* SignUpRootView.swift in Sources */,
				01937A52294E169C0041B6BA /* HomeCollectionViewSection.swift in Sources */,
				01AF3EE6294F239200AFAEF3 /* DetailsViewController.swift in Sources */,
				01342089294DD28500C91D24 /* StartViewController.swift in Sources */,
				01342094294DDE1000C91D24 /* HomeViewController.swift in Sources */,
				0114B2CB294D0CD300693CDA /* AuthTextField.swift in Sources */,
				014D674C2950981C004FA7A0 /* ListCollectionViewSection.swift in Sources */,
				01665057294E6DB900078840 /* HomeCollectionViewHeaderCell.swift in Sources */,
				01AF3EE8294F361F00AFAEF3 /* DetailsBaseLabel.swift in Sources */,
				0114B2B9294D034900693CDA /* BaseViewController.swift in Sources */,
				0139F6D62950A7AA009D35C7 /* SearchRootView.swift in Sources */,
				010FA0B829508A7A00FA3A2F /* ListRootView.swift in Sources */,
				0134208E294DDDBD00C91D24 /* BaseNavigationController.swift in Sources */,
				0114B2BC294D048C00693CDA /* UIColor+ HexString.swift in Sources */,
				01AF3EEA294F363C00AFAEF3 /* DetailsHelpersButton.swift in Sources */,
				0114B2BF294D054C00693CDA /* Resources.swift in Sources */,
				0134208C294DDA3900C91D24 /* TabBarController.swift in Sources */,
				0139F6DE2950B201009D35C7 /* SearchCollectionViewSection.swift in Sources */,
				0114B2A0294D021600693CDA /* AppDelegate.swift in Sources */,
				0114B2D7294D1DAE00693CDA /* SignUpViewController.swift in Sources */,
				01342087294DD24F00C91D24 /* StartRootView.swift in Sources */,
				0139F6D92950A7EE009D35C7 /* SearchViewController.swift in Sources */,
				01AF3EE4294F236400AFAEF3 /* DetailsRootView.swift in Sources */,
				0114B2CD294D0F4600693CDA /* AuthButton.swift in Sources */,
				0114B2A2294D021600693CDA /* SceneDelegate.swift in Sources */,
				0114B2C4294D070B00693CDA /* AuthBaseView.swift in Sources */,
				01937A59294E16EF0041B6BA /* TrendingMovieCompositionalLayout.swift in Sources */,
				0139F6E12950B216009D35C7 /* SearchCollectionViewCell.swift in Sources */,
				01937A57294E16DF0041B6BA /* UpcomingMovieCompositionalLayout.swift in Sources */,
				0114B2C8294D0AD600693CDA /* UITextField+ Padding.swift in Sources */,
				01937A4F294E10400041B6BA /* MovieModel.swift in Sources */,
				014D674F29509842004FA7A0 /* SavedCollectionViewCell.swift in Sources */,
				01937A4A294E07860041B6BA /* UIBarButtonItem+.swift in Sources */,
				0114B2B7294D02F800693CDA /* BaseView.swift in Sources */,
				0166504E294E657200078840 /* BaseCollectionViewMovieCell.swift in Sources */,
				010FA0BA29508AA700FA3A2F /* ListViewController.swift in Sources */,
				01937A54294E16B40041B6BA /* CompositionalLayoutFactory.swift in Sources */,
			);
			runOnlyForDeploymentPostprocessing = 0;
		};
/* End PBXSourcesBuildPhase section */

/* Begin PBXVariantGroup section */
		0114B2AA294D021700693CDA /* LaunchScreen.storyboard */ = {
			isa = PBXVariantGroup;
			children = (
				0114B2AB294D021700693CDA /* Base */,
			);
			name = LaunchScreen.storyboard;
			sourceTree = "<group>";
		};
/* End PBXVariantGroup section */

/* Begin XCBuildConfiguration section */
		0114B2AE294D021700693CDA /* Debug */ = {
			isa = XCBuildConfiguration;
			buildSettings = {
				ALWAYS_SEARCH_USER_PATHS = NO;
				CLANG_ANALYZER_NONNULL = YES;
				CLANG_ANALYZER_NUMBER_OBJECT_CONVERSION = YES_AGGRESSIVE;
				CLANG_CXX_LANGUAGE_STANDARD = "gnu++17";
				CLANG_ENABLE_MODULES = YES;
				CLANG_ENABLE_OBJC_ARC = YES;
				CLANG_ENABLE_OBJC_WEAK = YES;
				CLANG_WARN_BLOCK_CAPTURE_AUTORELEASING = YES;
				CLANG_WARN_BOOL_CONVERSION = YES;
				CLANG_WARN_COMMA = YES;
				CLANG_WARN_CONSTANT_CONVERSION = YES;
				CLANG_WARN_DEPRECATED_OBJC_IMPLEMENTATIONS = YES;
				CLANG_WARN_DIRECT_OBJC_ISA_USAGE = YES_ERROR;
				CLANG_WARN_DOCUMENTATION_COMMENTS = YES;
				CLANG_WARN_EMPTY_BODY = YES;
				CLANG_WARN_ENUM_CONVERSION = YES;
				CLANG_WARN_INFINITE_RECURSION = YES;
				CLANG_WARN_INT_CONVERSION = YES;
				CLANG_WARN_NON_LITERAL_NULL_CONVERSION = YES;
				CLANG_WARN_OBJC_IMPLICIT_RETAIN_SELF = YES;
				CLANG_WARN_OBJC_LITERAL_CONVERSION = YES;
				CLANG_WARN_OBJC_ROOT_CLASS = YES_ERROR;
				CLANG_WARN_QUOTED_INCLUDE_IN_FRAMEWORK_HEADER = YES;
				CLANG_WARN_RANGE_LOOP_ANALYSIS = YES;
				CLANG_WARN_STRICT_PROTOTYPES = YES;
				CLANG_WARN_SUSPICIOUS_MOVE = YES;
				CLANG_WARN_UNGUARDED_AVAILABILITY = YES_AGGRESSIVE;
				CLANG_WARN_UNREACHABLE_CODE = YES;
				CLANG_WARN__DUPLICATE_METHOD_MATCH = YES;
				COPY_PHASE_STRIP = NO;
				DEBUG_INFORMATION_FORMAT = dwarf;
				ENABLE_STRICT_OBJC_MSGSEND = YES;
				ENABLE_TESTABILITY = YES;
				GCC_C_LANGUAGE_STANDARD = gnu11;
				GCC_DYNAMIC_NO_PIC = NO;
				GCC_NO_COMMON_BLOCKS = YES;
				GCC_OPTIMIZATION_LEVEL = 0;
				GCC_PREPROCESSOR_DEFINITIONS = (
					"DEBUG=1",
					"$(inherited)",
				);
				GCC_WARN_64_TO_32_BIT_CONVERSION = YES;
				GCC_WARN_ABOUT_RETURN_TYPE = YES_ERROR;
				GCC_WARN_UNDECLARED_SELECTOR = YES;
				GCC_WARN_UNINITIALIZED_AUTOS = YES_AGGRESSIVE;
				GCC_WARN_UNUSED_FUNCTION = YES;
				GCC_WARN_UNUSED_VARIABLE = YES;
				IPHONEOS_DEPLOYMENT_TARGET = 15.5;
				MTL_ENABLE_DEBUG_INFO = INCLUDE_SOURCE;
				MTL_FAST_MATH = YES;
				ONLY_ACTIVE_ARCH = YES;
				SDKROOT = iphoneos;
				SWIFT_ACTIVE_COMPILATION_CONDITIONS = DEBUG;
				SWIFT_OPTIMIZATION_LEVEL = "-Onone";
			};
			name = Debug;
		};
		0114B2AF294D021700693CDA /* Release */ = {
			isa = XCBuildConfiguration;
			buildSettings = {
				ALWAYS_SEARCH_USER_PATHS = NO;
				CLANG_ANALYZER_NONNULL = YES;
				CLANG_ANALYZER_NUMBER_OBJECT_CONVERSION = YES_AGGRESSIVE;
				CLANG_CXX_LANGUAGE_STANDARD = "gnu++17";
				CLANG_ENABLE_MODULES = YES;
				CLANG_ENABLE_OBJC_ARC = YES;
				CLANG_ENABLE_OBJC_WEAK = YES;
				CLANG_WARN_BLOCK_CAPTURE_AUTORELEASING = YES;
				CLANG_WARN_BOOL_CONVERSION = YES;
				CLANG_WARN_COMMA = YES;
				CLANG_WARN_CONSTANT_CONVERSION = YES;
				CLANG_WARN_DEPRECATED_OBJC_IMPLEMENTATIONS = YES;
				CLANG_WARN_DIRECT_OBJC_ISA_USAGE = YES_ERROR;
				CLANG_WARN_DOCUMENTATION_COMMENTS = YES;
				CLANG_WARN_EMPTY_BODY = YES;
				CLANG_WARN_ENUM_CONVERSION = YES;
				CLANG_WARN_INFINITE_RECURSION = YES;
				CLANG_WARN_INT_CONVERSION = YES;
				CLANG_WARN_NON_LITERAL_NULL_CONVERSION = YES;
				CLANG_WARN_OBJC_IMPLICIT_RETAIN_SELF = YES;
				CLANG_WARN_OBJC_LITERAL_CONVERSION = YES;
				CLANG_WARN_OBJC_ROOT_CLASS = YES_ERROR;
				CLANG_WARN_QUOTED_INCLUDE_IN_FRAMEWORK_HEADER = YES;
				CLANG_WARN_RANGE_LOOP_ANALYSIS = YES;
				CLANG_WARN_STRICT_PROTOTYPES = YES;
				CLANG_WARN_SUSPICIOUS_MOVE = YES;
				CLANG_WARN_UNGUARDED_AVAILABILITY = YES_AGGRESSIVE;
				CLANG_WARN_UNREACHABLE_CODE = YES;
				CLANG_WARN__DUPLICATE_METHOD_MATCH = YES;
				COPY_PHASE_STRIP = NO;
				DEBUG_INFORMATION_FORMAT = "dwarf-with-dsym";
				ENABLE_NS_ASSERTIONS = NO;
				ENABLE_STRICT_OBJC_MSGSEND = YES;
				GCC_C_LANGUAGE_STANDARD = gnu11;
				GCC_NO_COMMON_BLOCKS = YES;
				GCC_WARN_64_TO_32_BIT_CONVERSION = YES;
				GCC_WARN_ABOUT_RETURN_TYPE = YES_ERROR;
				GCC_WARN_UNDECLARED_SELECTOR = YES;
				GCC_WARN_UNINITIALIZED_AUTOS = YES_AGGRESSIVE;
				GCC_WARN_UNUSED_FUNCTION = YES;
				GCC_WARN_UNUSED_VARIABLE = YES;
				IPHONEOS_DEPLOYMENT_TARGET = 15.5;
				MTL_ENABLE_DEBUG_INFO = NO;
				MTL_FAST_MATH = YES;
				SDKROOT = iphoneos;
				SWIFT_COMPILATION_MODE = wholemodule;
				SWIFT_OPTIMIZATION_LEVEL = "-O";
				VALIDATE_PRODUCT = YES;
			};
			name = Release;
		};
		0114B2B1294D021700693CDA /* Debug */ = {
			isa = XCBuildConfiguration;
			buildSettings = {
				ASSETCATALOG_COMPILER_APPICON_NAME = AppIcon;
				ASSETCATALOG_COMPILER_GLOBAL_ACCENT_COLOR_NAME = AccentColor;
				CODE_SIGN_STYLE = Automatic;
				CURRENT_PROJECT_VERSION = 1;
				DEVELOPMENT_TEAM = VAA7RR6469;
				GENERATE_INFOPLIST_FILE = YES;
				INFOPLIST_FILE = MovieApp_MiniPet/SupportingFiles/Info.plist;
				INFOPLIST_KEY_UIApplicationSupportsIndirectInputEvents = YES;
				INFOPLIST_KEY_UILaunchStoryboardName = LaunchScreen;
				INFOPLIST_KEY_UISupportedInterfaceOrientations = UIInterfaceOrientationPortrait;
				INFOPLIST_KEY_UISupportedInterfaceOrientations_iPad = "UIInterfaceOrientationPortrait UIInterfaceOrientationPortraitUpsideDown UIInterfaceOrientationLandscapeLeft UIInterfaceOrientationLandscapeRight";
				INFOPLIST_KEY_UISupportedInterfaceOrientations_iPhone = "UIInterfaceOrientationPortrait UIInterfaceOrientationLandscapeLeft UIInterfaceOrientationLandscapeRight";
				LD_RUNPATH_SEARCH_PATHS = (
					"$(inherited)",
					"@executable_path/Frameworks",
				);
				MARKETING_VERSION = 1.0;
				PRODUCT_BUNDLE_IDENTIFIER = "com.georgegroshev.MovieApp-MiniPet";
				PRODUCT_NAME = "$(TARGET_NAME)";
				SWIFT_EMIT_LOC_STRINGS = YES;
				SWIFT_VERSION = 5.0;
				TARGETED_DEVICE_FAMILY = 1;
			};
			name = Debug;
		};
		0114B2B2294D021700693CDA /* Release */ = {
			isa = XCBuildConfiguration;
			buildSettings = {
				ASSETCATALOG_COMPILER_APPICON_NAME = AppIcon;
				ASSETCATALOG_COMPILER_GLOBAL_ACCENT_COLOR_NAME = AccentColor;
				CODE_SIGN_STYLE = Automatic;
				CURRENT_PROJECT_VERSION = 1;
				DEVELOPMENT_TEAM = VAA7RR6469;
				GENERATE_INFOPLIST_FILE = YES;
				INFOPLIST_FILE = MovieApp_MiniPet/SupportingFiles/Info.plist;
				INFOPLIST_KEY_UIApplicationSupportsIndirectInputEvents = YES;
				INFOPLIST_KEY_UILaunchStoryboardName = LaunchScreen;
				INFOPLIST_KEY_UISupportedInterfaceOrientations = UIInterfaceOrientationPortrait;
				INFOPLIST_KEY_UISupportedInterfaceOrientations_iPad = "UIInterfaceOrientationPortrait UIInterfaceOrientationPortraitUpsideDown UIInterfaceOrientationLandscapeLeft UIInterfaceOrientationLandscapeRight";
				INFOPLIST_KEY_UISupportedInterfaceOrientations_iPhone = "UIInterfaceOrientationPortrait UIInterfaceOrientationLandscapeLeft UIInterfaceOrientationLandscapeRight";
				LD_RUNPATH_SEARCH_PATHS = (
					"$(inherited)",
					"@executable_path/Frameworks",
				);
				MARKETING_VERSION = 1.0;
				PRODUCT_BUNDLE_IDENTIFIER = "com.georgegroshev.MovieApp-MiniPet";
				PRODUCT_NAME = "$(TARGET_NAME)";
				SWIFT_EMIT_LOC_STRINGS = YES;
				SWIFT_VERSION = 5.0;
				TARGETED_DEVICE_FAMILY = 1;
			};
			name = Release;
		};
/* End XCBuildConfiguration section */

/* Begin XCConfigurationList section */
		0114B297294D021600693CDA /* Build configuration list for PBXProject "MovieApp_MiniPet" */ = {
			isa = XCConfigurationList;
			buildConfigurations = (
				0114B2AE294D021700693CDA /* Debug */,
				0114B2AF294D021700693CDA /* Release */,
			);
			defaultConfigurationIsVisible = 0;
			defaultConfigurationName = Release;
		};
		0114B2B0294D021700693CDA /* Build configuration list for PBXNativeTarget "MovieApp_MiniPet" */ = {
			isa = XCConfigurationList;
			buildConfigurations = (
				0114B2B1294D021700693CDA /* Debug */,
				0114B2B2294D021700693CDA /* Release */,
			);
			defaultConfigurationIsVisible = 0;
			defaultConfigurationName = Release;
		};
/* End XCConfigurationList section */
	};
	rootObject = 0114B294294D021600693CDA /* Project object */;
}
