// !$*UTF8*$!
{
	archiveVersion = 1;
	classes = {
	};
	objectVersion = 55;
	objects = {

/* Begin PBXBuildFile section */
		0114B2A0294D021600693CDA /* AppDelegate.swift in Sources */ = {isa = PBXBuildFile; fileRef = 0114B29F294D021600693CDA /* AppDelegate.swift */; };
		0114B2A2294D021600693CDA /* SceneDelegate.swift in Sources */ = {isa = PBXBuildFile; fileRef = 0114B2A1294D021600693CDA /* SceneDelegate.swift */; };
		0114B2A9294D021700693CDA /* Assets.xcassets in Resources */ = {isa = PBXBuildFile; fileRef = 0114B2A8294D021700693CDA /* Assets.xcassets */; };
		0114B2AC294D021700693CDA /* LaunchScreen.storyboard in Resources */ = {isa = PBXBuildFile; fileRef = 0114B2AA294D021700693CDA /* LaunchScreen.storyboard */; };
		0114B2B7294D02F800693CDA /* BaseView.swift in Sources */ = {isa = PBXBuildFile; fileRef = 0114B2B6294D02F800693CDA /* BaseView.swift */; };
		0114B2B9294D034900693CDA /* BaseViewController.swift in Sources */ = {isa = PBXBuildFile; fileRef = 0114B2B8294D034900693CDA /* BaseViewController.swift */; };
		0114B2BC294D048C00693CDA /* UIColor+ HexString.swift in Sources */ = {isa = PBXBuildFile; fileRef = 0114B2BB294D048C00693CDA /* UIColor+ HexString.swift */; };
		0114B2BF294D054C00693CDA /* Resources.swift in Sources */ = {isa = PBXBuildFile; fileRef = 0114B2BE294D054C00693CDA /* Resources.swift */; };
		0114B2C4294D070B00693CDA /* AuthBaseView.swift in Sources */ = {isa = PBXBuildFile; fileRef = 0114B2C3294D070B00693CDA /* AuthBaseView.swift */; };
		0114B2C6294D07BE00693CDA /* LoginViewController.swift in Sources */ = {isa = PBXBuildFile; fileRef = 0114B2C5294D07BE00693CDA /* LoginViewController.swift */; };
		0114B2C8294D0AD600693CDA /* UITextField+ Padding.swift in Sources */ = {isa = PBXBuildFile; fileRef = 0114B2C7294D0AD600693CDA /* UITextField+ Padding.swift */; };
		0114B2CB294D0CD300693CDA /* AuthTextField.swift in Sources */ = {isa = PBXBuildFile; fileRef = 0114B2CA294D0CD300693CDA /* AuthTextField.swift */; };
		0114B2CD294D0F4600693CDA /* AuthButton.swift in Sources */ = {isa = PBXBuildFile; fileRef = 0114B2CC294D0F4600693CDA /* AuthButton.swift */; };
		0114B2CF294D17C800693CDA /* GoogleAuthButton.swift in Sources */ = {isa = PBXBuildFile; fileRef = 0114B2CE294D17C800693CDA /* GoogleAuthButton.swift */; };
		0114B2D1294D199100693CDA /* OrView.swift in Sources */ = {isa = PBXBuildFile; fileRef = 0114B2D0294D199100693CDA /* OrView.swift */; };
		0114B2D3294D1C4700693CDA /* LoginRootView.swift in Sources */ = {isa = PBXBuildFile; fileRef = 0114B2D2294D1C4700693CDA /* LoginRootView.swift */; };
		0114B2D7294D1DAE00693CDA /* SignUpViewController.swift in Sources */ = {isa = PBXBuildFile; fileRef = 0114B2D6294D1DAE00693CDA /* SignUpViewController.swift */; };
		0114B2D9294D1DC100693CDA /* SignUpRootView.swift in Sources */ = {isa = PBXBuildFile; fileRef = 0114B2D8294D1DC100693CDA /* SignUpRootView.swift */; };
/* End PBXBuildFile section */

/* Begin PBXFileReference section */
		0114B29C294D021600693CDA /* MovieApp_MiniPet.app */ = {isa = PBXFileReference; explicitFileType = wrapper.application; includeInIndex = 0; path = MovieApp_MiniPet.app; sourceTree = BUILT_PRODUCTS_DIR; };
		0114B29F294D021600693CDA /* AppDelegate.swift */ = {isa = PBXFileReference; lastKnownFileType = sourcecode.swift; path = AppDelegate.swift; sourceTree = "<group>"; };
		0114B2A1294D021600693CDA /* SceneDelegate.swift */ = {isa = PBXFileReference; lastKnownFileType = sourcecode.swift; path = SceneDelegate.swift; sourceTree = "<group>"; };
		0114B2A8294D021700693CDA /* Assets.xcassets */ = {isa = PBXFileReference; lastKnownFileType = folder.assetcatalog; path = Assets.xcassets; sourceTree = "<group>"; };
		0114B2AB294D021700693CDA /* Base */ = {isa = PBXFileReference; lastKnownFileType = file.storyboard; name = Base; path = Base.lproj/LaunchScreen.storyboard; sourceTree = "<group>"; };
		0114B2AD294D021700693CDA /* Info.plist */ = {isa = PBXFileReference; lastKnownFileType = text.plist.xml; path = Info.plist; sourceTree = "<group>"; };
		0114B2B6294D02F800693CDA /* BaseView.swift */ = {isa = PBXFileReference; lastKnownFileType = sourcecode.swift; path = BaseView.swift; sourceTree = "<group>"; };
		0114B2B8294D034900693CDA /* BaseViewController.swift */ = {isa = PBXFileReference; lastKnownFileType = sourcecode.swift; path = BaseViewController.swift; sourceTree = "<group>"; };
		0114B2BB294D048C00693CDA /* UIColor+ HexString.swift */ = {isa = PBXFileReference; lastKnownFileType = sourcecode.swift; path = "UIColor+ HexString.swift"; sourceTree = "<group>"; };
		0114B2BE294D054C00693CDA /* Resources.swift */ = {isa = PBXFileReference; lastKnownFileType = sourcecode.swift; path = Resources.swift; sourceTree = "<group>"; };
		0114B2C3294D070B00693CDA /* AuthBaseView.swift */ = {isa = PBXFileReference; lastKnownFileType = sourcecode.swift; path = AuthBaseView.swift; sourceTree = "<group>"; };
		0114B2C5294D07BE00693CDA /* LoginViewController.swift */ = {isa = PBXFileReference; lastKnownFileType = sourcecode.swift; path = LoginViewController.swift; sourceTree = "<group>"; };
		0114B2C7294D0AD600693CDA /* UITextField+ Padding.swift */ = {isa = PBXFileReference; lastKnownFileType = sourcecode.swift; path = "UITextField+ Padding.swift"; sourceTree = "<group>"; };
		0114B2CA294D0CD300693CDA /* AuthTextField.swift */ = {isa = PBXFileReference; lastKnownFileType = sourcecode.swift; path = AuthTextField.swift; sourceTree = "<group>"; };
		0114B2CC294D0F4600693CDA /* AuthButton.swift */ = {isa = PBXFileReference; lastKnownFileType = sourcecode.swift; path = AuthButton.swift; sourceTree = "<group>"; };
		0114B2CE294D17C800693CDA /* GoogleAuthButton.swift */ = {isa = PBXFileReference; lastKnownFileType = sourcecode.swift; path = GoogleAuthButton.swift; sourceTree = "<group>"; };
		0114B2D0294D199100693CDA /* OrView.swift */ = {isa = PBXFileReference; lastKnownFileType = sourcecode.swift; path = OrView.swift; sourceTree = "<group>"; };
		0114B2D2294D1C4700693CDA /* LoginRootView.swift */ = {isa = PBXFileReference; lastKnownFileType = sourcecode.swift; path = LoginRootView.swift; sourceTree = "<group>"; };
		0114B2D6294D1DAE00693CDA /* SignUpViewController.swift */ = {isa = PBXFileReference; lastKnownFileType = sourcecode.swift; path = SignUpViewController.swift; sourceTree = "<group>"; };
		0114B2D8294D1DC100693CDA /* SignUpRootView.swift */ = {isa = PBXFileReference; lastKnownFileType = sourcecode.swift; path = SignUpRootView.swift; sourceTree = "<group>"; };
/* End PBXFileReference section */

/* Begin PBXFrameworksBuildPhase section */
		0114B299294D021600693CDA /* Frameworks */ = {
			isa = PBXFrameworksBuildPhase;
			buildActionMask = 2147483647;
			files = (
			);
			runOnlyForDeploymentPostprocessing = 0;
		};
/* End PBXFrameworksBuildPhase section */

/* Begin PBXGroup section */
		0114B293294D021600693CDA = {
			isa = PBXGroup;
			children = (
				0114B29E294D021600693CDA /* MovieApp_MiniPet */,
				0114B29D294D021600693CDA /* Products */,
			);
			sourceTree = "<group>";
		};
		0114B29D294D021600693CDA /* Products */ = {
			isa = PBXGroup;
			children = (
				0114B29C294D021600693CDA /* MovieApp_MiniPet.app */,
			);
			name = Products;
			sourceTree = "<group>";
		};
		0114B29E294D021600693CDA /* MovieApp_MiniPet */ = {
			isa = PBXGroup;
			children = (
				0114B2C0294D06F400693CDA /* Auth */,
				0114B2B5294D02F100693CDA /* Base */,
				0114B2BD294D054500693CDA /* Resources */,
				0114B2BA294D047400693CDA /* Extensions */,
				0114B2B4294D028500693CDA /* Application */,
				0114B2B3294D023D00693CDA /* SupportingFiles */,
			);
			path = MovieApp_MiniPet;
			sourceTree = "<group>";
		};
		0114B2B3294D023D00693CDA /* SupportingFiles */ = {
			isa = PBXGroup;
			children = (
				0114B2A8294D021700693CDA /* Assets.xcassets */,
				0114B2AA294D021700693CDA /* LaunchScreen.storyboard */,
				0114B2AD294D021700693CDA /* Info.plist */,
			);
			path = SupportingFiles;
			sourceTree = "<group>";
		};
		0114B2B4294D028500693CDA /* Application */ = {
			isa = PBXGroup;
			children = (
				0114B29F294D021600693CDA /* AppDelegate.swift */,
				0114B2A1294D021600693CDA /* SceneDelegate.swift */,
			);
			path = Application;
			sourceTree = "<group>";
		};
		0114B2B5294D02F100693CDA /* Base */ = {
			isa = PBXGroup;
			children = (
				0114B2B6294D02F800693CDA /* BaseView.swift */,
				0114B2B8294D034900693CDA /* BaseViewController.swift */,
			);
			path = Base;
			sourceTree = "<group>";
		};
		0114B2BA294D047400693CDA /* Extensions */ = {
			isa = PBXGroup;
			children = (
				0114B2BB294D048C00693CDA /* UIColor+ HexString.swift */,
				0114B2C7294D0AD600693CDA /* UITextField+ Padding.swift */,
			);
			path = Extensions;
			sourceTree = "<group>";
		};
		0114B2BD294D054500693CDA /* Resources */ = {
			isa = PBXGroup;
			children = (
				0114B2BE294D054C00693CDA /* Resources.swift */,
			);
			path = Resources;
			sourceTree = "<group>";
		};
		0114B2C0294D06F400693CDA /* Auth */ = {
			isa = PBXGroup;
			children = (
				0114B2C1294D06FA00693CDA /* Login */,
				0114B2D4294D1DA000693CDA /* SignUp */,
				0114B2C9294D0CA600693CDA /* BaseViews */,
			);
			path = Auth;
			sourceTree = "<group>";
		};
		0114B2C1294D06FA00693CDA /* Login */ = {
			isa = PBXGroup;
			children = (
				0114B2C2294D070000693CDA /* Views */,
			);
			path = Login;
			sourceTree = "<group>";
		};
		0114B2C2294D070000693CDA /* Views */ = {
			isa = PBXGroup;
			children = (
				0114B2C5294D07BE00693CDA /* LoginViewController.swift */,
				0114B2D2294D1C4700693CDA /* LoginRootView.swift */,
			);
			path = Views;
			sourceTree = "<group>";
		};
		0114B2C9294D0CA600693CDA /* BaseViews */ = {
			isa = PBXGroup;
			children = (
				0114B2C3294D070B00693CDA /* AuthBaseView.swift */,
				0114B2CA294D0CD300693CDA /* AuthTextField.swift */,
				0114B2CC294D0F4600693CDA /* AuthButton.swift */,
				0114B2CE294D17C800693CDA /* GoogleAuthButton.swift */,
				0114B2D0294D199100693CDA /* OrView.swift */,
			);
			path = BaseViews;
			sourceTree = "<group>";
		};
		0114B2D4294D1DA000693CDA /* SignUp */ = {
			isa = PBXGroup;
			children = (
				0114B2D5294D1DA800693CDA /* Views */,
			);
			path = SignUp;
			sourceTree = "<group>";
		};
		0114B2D5294D1DA800693CDA /* Views */ = {
			isa = PBXGroup;
			children = (
				0114B2D6294D1DAE00693CDA /* SignUpViewController.swift */,
				0114B2D8294D1DC100693CDA /* SignUpRootView.swift */,
			);
			path = Views;
			sourceTree = "<group>";
		};
/* End PBXGroup section */

/* Begin PBXNativeTarget section */
		0114B29B294D021600693CDA /* MovieApp_MiniPet */ = {
			isa = PBXNativeTarget;
			buildConfigurationList = 0114B2B0294D021700693CDA /* Build configuration list for PBXNativeTarget "MovieApp_MiniPet" */;
			buildPhases = (
				0114B298294D021600693CDA /* Sources */,
				0114B299294D021600693CDA /* Frameworks */,
				0114B29A294D021600693CDA /* Resources */,
			);
			buildRules = (
			);
			dependencies = (
			);
			name = MovieApp_MiniPet;
			productName = MovieApp_MiniPet;
			productReference = 0114B29C294D021600693CDA /* MovieApp_MiniPet.app */;
			productType = "com.apple.product-type.application";
		};
/* End PBXNativeTarget section */

/* Begin PBXProject section */
		0114B294294D021600693CDA /* Project object */ = {
			isa = PBXProject;
			attributes = {
				BuildIndependentTargetsInParallel = 1;
				LastSwiftUpdateCheck = 1340;
				LastUpgradeCheck = 1340;
				TargetAttributes = {
					0114B29B294D021600693CDA = {
						CreatedOnToolsVersion = 13.4.1;
					};
				};
			};
			buildConfigurationList = 0114B297294D021600693CDA /* Build configuration list for PBXProject "MovieApp_MiniPet" */;
			compatibilityVersion = "Xcode 13.0";
			developmentRegion = en;
			hasScannedForEncodings = 0;
			knownRegions = (
				en,
				Base,
			);
			mainGroup = 0114B293294D021600693CDA;
			productRefGroup = 0114B29D294D021600693CDA /* Products */;
			projectDirPath = "";
			projectRoot = "";
			targets = (
				0114B29B294D021600693CDA /* MovieApp_MiniPet */,
			);
		};
/* End PBXProject section */

/* Begin PBXResourcesBuildPhase section */
		0114B29A294D021600693CDA /* Resources */ = {
			isa = PBXResourcesBuildPhase;
			buildActionMask = 2147483647;
			files = (
				0114B2AC294D021700693CDA /* LaunchScreen.storyboard in Resources */,
				0114B2A9294D021700693CDA /* Assets.xcassets in Resources */,
			);
			runOnlyForDeploymentPostprocessing = 0;
		};
/* End PBXResourcesBuildPhase section */

/* Begin PBXSourcesBuildPhase section */
		0114B298294D021600693CDA /* Sources */ = {
			isa = PBXSourcesBuildPhase;
			buildActionMask = 2147483647;
			files = (
				0114B2D3294D1C4700693CDA /* LoginRootView.swift in Sources */,
				0114B2D1294D199100693CDA /* OrView.swift in Sources */,
				0114B2CF294D17C800693CDA /* GoogleAuthButton.swift in Sources */,
				0114B2C6294D07BE00693CDA /* LoginViewController.swift in Sources */,
				0114B2D9294D1DC100693CDA /* SignUpRootView.swift in Sources */,
				0114B2CB294D0CD300693CDA /* AuthTextField.swift in Sources */,
				0114B2B9294D034900693CDA /* BaseViewController.swift in Sources */,
				0114B2BC294D048C00693CDA /* UIColor+ HexString.swift in Sources */,
				0114B2BF294D054C00693CDA /* Resources.swift in Sources */,
				0114B2A0294D021600693CDA /* AppDelegate.swift in Sources */,
				0114B2D7294D1DAE00693CDA /* SignUpViewController.swift in Sources */,
				0114B2CD294D0F4600693CDA /* AuthButton.swift in Sources */,
				0114B2A2294D021600693CDA /* SceneDelegate.swift in Sources */,
				0114B2C4294D070B00693CDA /* AuthBaseView.swift in Sources */,
				0114B2C8294D0AD600693CDA /* UITextField+ Padding.swift in Sources */,
				0114B2B7294D02F800693CDA /* BaseView.swift in Sources */,
			);
			runOnlyForDeploymentPostprocessing = 0;
		};
/* End PBXSourcesBuildPhase section */

/* Begin PBXVariantGroup section */
		0114B2AA294D021700693CDA /* LaunchScreen.storyboard */ = {
			isa = PBXVariantGroup;
			children = (
				0114B2AB294D021700693CDA /* Base */,
			);
			name = LaunchScreen.storyboard;
			sourceTree = "<group>";
		};
/* End PBXVariantGroup section */

/* Begin XCBuildConfiguration section */
		0114B2AE294D021700693CDA /* Debug */ = {
			isa = XCBuildConfiguration;
			buildSettings = {
				ALWAYS_SEARCH_USER_PATHS = NO;
				CLANG_ANALYZER_NONNULL = YES;
				CLANG_ANALYZER_NUMBER_OBJECT_CONVERSION = YES_AGGRESSIVE;
				CLANG_CXX_LANGUAGE_STANDARD = "gnu++17";
				CLANG_ENABLE_MODULES = YES;
				CLANG_ENABLE_OBJC_ARC = YES;
				CLANG_ENABLE_OBJC_WEAK = YES;
				CLANG_WARN_BLOCK_CAPTURE_AUTORELEASING = YES;
				CLANG_WARN_BOOL_CONVERSION = YES;
				CLANG_WARN_COMMA = YES;
				CLANG_WARN_CONSTANT_CONVERSION = YES;
				CLANG_WARN_DEPRECATED_OBJC_IMPLEMENTATIONS = YES;
				CLANG_WARN_DIRECT_OBJC_ISA_USAGE = YES_ERROR;
				CLANG_WARN_DOCUMENTATION_COMMENTS = YES;
				CLANG_WARN_EMPTY_BODY = YES;
				CLANG_WARN_ENUM_CONVERSION = YES;
				CLANG_WARN_INFINITE_RECURSION = YES;
				CLANG_WARN_INT_CONVERSION = YES;
				CLANG_WARN_NON_LITERAL_NULL_CONVERSION = YES;
				CLANG_WARN_OBJC_IMPLICIT_RETAIN_SELF = YES;
				CLANG_WARN_OBJC_LITERAL_CONVERSION = YES;
				CLANG_WARN_OBJC_ROOT_CLASS = YES_ERROR;
				CLANG_WARN_QUOTED_INCLUDE_IN_FRAMEWORK_HEADER = YES;
				CLANG_WARN_RANGE_LOOP_ANALYSIS = YES;
				CLANG_WARN_STRICT_PROTOTYPES = YES;
				CLANG_WARN_SUSPICIOUS_MOVE = YES;
				CLANG_WARN_UNGUARDED_AVAILABILITY = YES_AGGRESSIVE;
				CLANG_WARN_UNREACHABLE_CODE = YES;
				CLANG_WARN__DUPLICATE_METHOD_MATCH = YES;
				COPY_PHASE_STRIP = NO;
				DEBUG_INFORMATION_FORMAT = dwarf;
				ENABLE_STRICT_OBJC_MSGSEND = YES;
				ENABLE_TESTABILITY = YES;
				GCC_C_LANGUAGE_STANDARD = gnu11;
				GCC_DYNAMIC_NO_PIC = NO;
				GCC_NO_COMMON_BLOCKS = YES;
				GCC_OPTIMIZATION_LEVEL = 0;
				GCC_PREPROCESSOR_DEFINITIONS = (
					"DEBUG=1",
					"$(inherited)",
				);
				GCC_WARN_64_TO_32_BIT_CONVERSION = YES;
				GCC_WARN_ABOUT_RETURN_TYPE = YES_ERROR;
				GCC_WARN_UNDECLARED_SELECTOR = YES;
				GCC_WARN_UNINITIALIZED_AUTOS = YES_AGGRESSIVE;
				GCC_WARN_UNUSED_FUNCTION = YES;
				GCC_WARN_UNUSED_VARIABLE = YES;
				IPHONEOS_DEPLOYMENT_TARGET = 15.5;
				MTL_ENABLE_DEBUG_INFO = INCLUDE_SOURCE;
				MTL_FAST_MATH = YES;
				ONLY_ACTIVE_ARCH = YES;
				SDKROOT = iphoneos;
				SWIFT_ACTIVE_COMPILATION_CONDITIONS = DEBUG;
				SWIFT_OPTIMIZATION_LEVEL = "-Onone";
			};
			name = Debug;
		};
		0114B2AF294D021700693CDA /* Release */ = {
			isa = XCBuildConfiguration;
			buildSettings = {
				ALWAYS_SEARCH_USER_PATHS = NO;
				CLANG_ANALYZER_NONNULL = YES;
				CLANG_ANALYZER_NUMBER_OBJECT_CONVERSION = YES_AGGRESSIVE;
				CLANG_CXX_LANGUAGE_STANDARD = "gnu++17";
				CLANG_ENABLE_MODULES = YES;
				CLANG_ENABLE_OBJC_ARC = YES;
				CLANG_ENABLE_OBJC_WEAK = YES;
				CLANG_WARN_BLOCK_CAPTURE_AUTORELEASING = YES;
				CLANG_WARN_BOOL_CONVERSION = YES;
				CLANG_WARN_COMMA = YES;
				CLANG_WARN_CONSTANT_CONVERSION = YES;
				CLANG_WARN_DEPRECATED_OBJC_IMPLEMENTATIONS = YES;
				CLANG_WARN_DIRECT_OBJC_ISA_USAGE = YES_ERROR;
				CLANG_WARN_DOCUMENTATION_COMMENTS = YES;
				CLANG_WARN_EMPTY_BODY = YES;
				CLANG_WARN_ENUM_CONVERSION = YES;
				CLANG_WARN_INFINITE_RECURSION = YES;
				CLANG_WARN_INT_CONVERSION = YES;
				CLANG_WARN_NON_LITERAL_NULL_CONVERSION = YES;
				CLANG_WARN_OBJC_IMPLICIT_RETAIN_SELF = YES;
				CLANG_WARN_OBJC_LITERAL_CONVERSION = YES;
				CLANG_WARN_OBJC_ROOT_CLASS = YES_ERROR;
				CLANG_WARN_QUOTED_INCLUDE_IN_FRAMEWORK_HEADER = YES;
				CLANG_WARN_RANGE_LOOP_ANALYSIS = YES;
				CLANG_WARN_STRICT_PROTOTYPES = YES;
				CLANG_WARN_SUSPICIOUS_MOVE = YES;
				CLANG_WARN_UNGUARDED_AVAILABILITY = YES_AGGRESSIVE;
				CLANG_WARN_UNREACHABLE_CODE = YES;
				CLANG_WARN__DUPLICATE_METHOD_MATCH = YES;
				COPY_PHASE_STRIP = NO;
				DEBUG_INFORMATION_FORMAT = "dwarf-with-dsym";
				ENABLE_NS_ASSERTIONS = NO;
				ENABLE_STRICT_OBJC_MSGSEND = YES;
				GCC_C_LANGUAGE_STANDARD = gnu11;
				GCC_NO_COMMON_BLOCKS = YES;
				GCC_WARN_64_TO_32_BIT_CONVERSION = YES;
				GCC_WARN_ABOUT_RETURN_TYPE = YES_ERROR;
				GCC_WARN_UNDECLARED_SELECTOR = YES;
				GCC_WARN_UNINITIALIZED_AUTOS = YES_AGGRESSIVE;
				GCC_WARN_UNUSED_FUNCTION = YES;
				GCC_WARN_UNUSED_VARIABLE = YES;
				IPHONEOS_DEPLOYMENT_TARGET = 15.5;
				MTL_ENABLE_DEBUG_INFO = NO;
				MTL_FAST_MATH = YES;
				SDKROOT = iphoneos;
				SWIFT_COMPILATION_MODE = wholemodule;
				SWIFT_OPTIMIZATION_LEVEL = "-O";
				VALIDATE_PRODUCT = YES;
			};
			name = Release;
		};
		0114B2B1294D021700693CDA /* Debug */ = {
			isa = XCBuildConfiguration;
			buildSettings = {
				ASSETCATALOG_COMPILER_APPICON_NAME = AppIcon;
				ASSETCATALOG_COMPILER_GLOBAL_ACCENT_COLOR_NAME = AccentColor;
				CODE_SIGN_STYLE = Automatic;
				CURRENT_PROJECT_VERSION = 1;
				DEVELOPMENT_TEAM = VAA7RR6469;
				GENERATE_INFOPLIST_FILE = YES;
				INFOPLIST_FILE = MovieApp_MiniPet/SupportingFiles/Info.plist;
				INFOPLIST_KEY_UIApplicationSupportsIndirectInputEvents = YES;
				INFOPLIST_KEY_UILaunchStoryboardName = LaunchScreen;
				INFOPLIST_KEY_UISupportedInterfaceOrientations = UIInterfaceOrientationPortrait;
				INFOPLIST_KEY_UISupportedInterfaceOrientations_iPad = "UIInterfaceOrientationPortrait UIInterfaceOrientationPortraitUpsideDown UIInterfaceOrientationLandscapeLeft UIInterfaceOrientationLandscapeRight";
				INFOPLIST_KEY_UISupportedInterfaceOrientations_iPhone = "UIInterfaceOrientationPortrait UIInterfaceOrientationLandscapeLeft UIInterfaceOrientationLandscapeRight";
				LD_RUNPATH_SEARCH_PATHS = (
					"$(inherited)",
					"@executable_path/Frameworks",
				);
				MARKETING_VERSION = 1.0;
				PRODUCT_BUNDLE_IDENTIFIER = "com.georgegroshev.MovieApp-MiniPet";
				PRODUCT_NAME = "$(TARGET_NAME)";
				SWIFT_EMIT_LOC_STRINGS = YES;
				SWIFT_VERSION = 5.0;
				TARGETED_DEVICE_FAMILY = 1;
			};
			name = Debug;
		};
		0114B2B2294D021700693CDA /* Release */ = {
			isa = XCBuildConfiguration;
			buildSettings = {
				ASSETCATALOG_COMPILER_APPICON_NAME = AppIcon;
				ASSETCATALOG_COMPILER_GLOBAL_ACCENT_COLOR_NAME = AccentColor;
				CODE_SIGN_STYLE = Automatic;
				CURRENT_PROJECT_VERSION = 1;
				DEVELOPMENT_TEAM = VAA7RR6469;
				GENERATE_INFOPLIST_FILE = YES;
				INFOPLIST_FILE = MovieApp_MiniPet/SupportingFiles/Info.plist;
				INFOPLIST_KEY_UIApplicationSupportsIndirectInputEvents = YES;
				INFOPLIST_KEY_UILaunchStoryboardName = LaunchScreen;
				INFOPLIST_KEY_UISupportedInterfaceOrientations = UIInterfaceOrientationPortrait;
				INFOPLIST_KEY_UISupportedInterfaceOrientations_iPad = "UIInterfaceOrientationPortrait UIInterfaceOrientationPortraitUpsideDown UIInterfaceOrientationLandscapeLeft UIInterfaceOrientationLandscapeRight";
				INFOPLIST_KEY_UISupportedInterfaceOrientations_iPhone = "UIInterfaceOrientationPortrait UIInterfaceOrientationLandscapeLeft UIInterfaceOrientationLandscapeRight";
				LD_RUNPATH_SEARCH_PATHS = (
					"$(inherited)",
					"@executable_path/Frameworks",
				);
				MARKETING_VERSION = 1.0;
				PRODUCT_BUNDLE_IDENTIFIER = "com.georgegroshev.MovieApp-MiniPet";
				PRODUCT_NAME = "$(TARGET_NAME)";
				SWIFT_EMIT_LOC_STRINGS = YES;
				SWIFT_VERSION = 5.0;
				TARGETED_DEVICE_FAMILY = 1;
			};
			name = Release;
		};
/* End XCBuildConfiguration section */

/* Begin XCConfigurationList section */
		0114B297294D021600693CDA /* Build configuration list for PBXProject "MovieApp_MiniPet" */ = {
			isa = XCConfigurationList;
			buildConfigurations = (
				0114B2AE294D021700693CDA /* Debug */,
				0114B2AF294D021700693CDA /* Release */,
			);
			defaultConfigurationIsVisible = 0;
			defaultConfigurationName = Release;
		};
		0114B2B0294D021700693CDA /* Build configuration list for PBXNativeTarget "MovieApp_MiniPet" */ = {
			isa = XCConfigurationList;
			buildConfigurations = (
				0114B2B1294D021700693CDA /* Debug */,
				0114B2B2294D021700693CDA /* Release */,
			);
			defaultConfigurationIsVisible = 0;
			defaultConfigurationName = Release;
		};
/* End XCConfigurationList section */
	};
	rootObject = 0114B294294D021600693CDA /* Project object */;
}
